
Microsoft Visual Studio Solution File, Format Version 12.00
# Visual Studio Version 17
VisualStudioVersion = 17.11.35208.52
MinimumVisualStudioVersion = 10.0.40219.1
Project("{FAE04EC0-301F-11D3-BF4B-00C04F79EFBC}") = "WebApp", "WebApp.csproj", "{7124BADE-13B7-43C8-8B20-44DEC6107FAE}"
EndProject
Global
	GlobalSection(SolutionConfigurationPlatforms) = preSolution
		Debug|Any CPU = Debug|Any CPU
		Release|Any CPU = Release|Any CPU
	EndGlobalSection
	GlobalSection(ProjectConfigurationPlatforms) = postSolution
		{7124BADE-13B7-43C8-8B20-44DEC6107FAE}.Debug|Any CPU.ActiveCfg = Debug|Any CPU
		{7124BADE-13B7-43C8-8B20-44DEC6107FAE}.Debug|Any CPU.Build.0 = Debug|Any CPU
		{7124BADE-13B7-43C8-8B20-44DEC6107FAE}.Release|Any CPU.ActiveCfg = Release|Any CPU
		{7124BADE-13B7-43C8-8B20-44DEC6107FAE}.Release|Any CPU.Build.0 = Release|Any CPU
	EndGlobalSection
	GlobalSection(SolutionProperties) = preSolution
		HideSolutionNode = FALSE
	EndGlobalSection
	GlobalSection(ExtensibilityGlobals) = postSolution
		SolutionGuid = {D46EF3BB-8394-4260-85DB-F8EB528E99D4}
	EndGlobalSection
EndGlobal
